github.com/kaihendry/slogd v0.0.0-20230210122726-d277d193806a h1:P2lJv9qSVRpBEB4nBbpBsEGU1yb9QPj76AfcTBptJp8=
github.com/kaihendry/slogd v0.0.0-20230210122726-d277d193806a/go.mod h1:98Mv+YdJn/2pDyxzy8bs+ef8Pmu1s1LorHBZiDJGlQg=
golang.org/x/exp v0.0.0-20230206171751-46f607a40771 h1:xP7rWLUr1e1n2xkK5YB4LI0hPEy3LJC6Wk+D4pGlOJg=
golang.org/x/exp v0.0.0-20230206171751-46f607a40771/go.mod h1:CxIveKay+FTh1D0yPZemJVgC/95VzuuOLq5Qi4xnoYc=
